{
  "version": 4,
  "terraform_version": "1.15.2",
  "serial": 57,
  "lineage": "bd6dd171-5a02-cbe1-2fb7-ad0239e60199",
  "outputs": {},
  "resources": [
    {
      "mode": "managed",
      "type": "aws_security_group",
      "name": "efs_grafana_sg",
      "provider": "provider[\"registry.terraform.io/hashicorp/aws\"]",
      "instances": [
        {
          "schema_version": 1,
          "attributes": {
            "arn": "arn:aws:ec2:eu-north-1:544820269502:security-group/sg-0223778e1f3b6bf8b",
            "description": "allowc ecs access to efs",
            "egress": [
              {
                "cidr_blocks": [
                  "0.0.0.0/0"
                ],
                "description": "",
                "from_port": 0,
                "ipv6_cidr_blocks": [],
                "prefix_list_ids": [],
                "protocol": "-1",
                "security_groups": [],
                "self": false,
                "to_port": 0
              }
            ],
            "id": "sg-0223778e1f3b6bf8b",
            "ingress": [
              {
                "cidr_blocks": [],
                "description": "",
                "from_port": 2049,
                "ipv6_cidr_blocks": [],
                "prefix_list_ids": [],
                "protocol": "tcp",
                "security_groups": [
                  "sg-0f99122693a71ba73"
                ],
                "self": false,
                "to_port": 2049
              }
            ],
            "name": "efs-grafana",
            "name_prefix": "",
            "owner_id": "544820269502",
            "region": "eu-north-1",
            "revoke_rules_on_delete": null,
            "tags": {},
            "tags_all": {},
            "timeouts": null,
            "vpc_id": "vpc-060d4d3da00079625"
          },
          "sensitive_attributes": [],
          "identity_schema_version": 0,
          "identity": {
            "account_id": "544820269502",
            "id": "sg-0223778e1f3b6bf8b",
            "region": "eu-north-1"
          },
          "private": "eyJlMmJmYjczMC1lY2FhLTExZTYtOGY4OC0zNDM2M2JjN2M0YzAiOnsiY3JlYXRlIjo2MDAwMDAwMDAwMDAsImRlbGV0ZSI6OTAwMDAwMDAwMDAwfSwic2NoZW1hX3ZlcnNpb24iOiIxIn0=",
          "dependencies": [
            "aws_security_group.grafana_sg"
          ]
        }
      ]
    },
    {
      "mode": "managed",
      "type": "aws_security_group",
      "name": "grafana_sg",
      "provider": "provider[\"registry.terraform.io/hashicorp/aws\"]",
      "instances": [
        {
          "schema_version": 1,
          "attributes": {
            "arn": "arn:aws:ec2:eu-north-1:544820269502:security-group/sg-0f99122693a71ba73",
            "description": "Allow access from my home",
            "egress": [
              {
                "cidr_blocks": [
                  "0.0.0.0/0"
                ],
                "description": "",
                "from_port": 0,
                "ipv6_cidr_blocks": [],
                "prefix_list_ids": [],
                "protocol": "-1",
                "security_groups": [],
                "self": false,
                "to_port": 0
              }
            ],
            "id": "sg-0f99122693a71ba73",
            "ingress": [
              {
                "cidr_blocks": [
                  "0.0.0.0/0"
                ],
                "description": "",
                "from_port": 3000,
                "ipv6_cidr_blocks": [],
                "prefix_list_ids": [],
                "protocol": "tcp",
                "security_groups": [],
                "self": false,
                "to_port": 3000
              }
            ],
            "name": "GrafanaSG",
            "name_prefix": "",
            "owner_id": "544820269502",
            "region": "eu-north-1",
            "revoke_rules_on_delete": null,
            "tags": {},
            "tags_all": {},
            "timeouts": null,
            "vpc_id": "vpc-060d4d3da00079625"
          },
          "sensitive_attributes": [],
          "identity_schema_version": 0,
          "identity": {
            "account_id": "544820269502",
            "id": "sg-0f99122693a71ba73",
            "region": "eu-north-1"
          },
          "private": "eyJlMmJmYjczMC1lY2FhLTExZTYtOGY4OC0zNDM2M2JjN2M0YzAiOnsiY3JlYXRlIjo2MDAwMDAwMDAwMDAsImRlbGV0ZSI6OTAwMDAwMDAwMDAwfSwic2NoZW1hX3ZlcnNpb24iOiIxIn0="
        }
      ]
    },
    {
      "module": "module.ecs",
      "mode": "managed",
      "type": "aws_ecs_cluster",
      "name": "Grafana-ECS-cluster",
      "provider": "provider[\"registry.terraform.io/hashicorp/aws\"]",
      "instances": [
        {
          "schema_version": 0,
          "attributes": {
            "arn": "arn:aws:ecs:eu-north-1:544820269502:cluster/Grafana-ECS-cluster",
            "configuration": [
              {
                "execute_command_configuration": [
                  {
                    "kms_key_id": "",
                    "log_configuration": [],
                    "logging": "DEFAULT"
                  }
                ],
                "managed_storage_configuration": []
              }
            ],
            "id": "arn:aws:ecs:eu-north-1:544820269502:cluster/Grafana-ECS-cluster",
            "name": "Grafana-ECS-cluster",
            "region": "eu-north-1",
            "service_connect_defaults": [],
            "setting": [
              {
                "name": "containerInsights",
                "value": "disabled"
              }
            ],
            "tags": {},
            "tags_all": {}
          },
          "sensitive_attributes": [],
          "identity_schema_version": 0,
          "private": "eyJzY2hlbWFfdmVyc2lvbiI6IjAifQ=="
        }
      ]
    },
    {
      "module": "module.ecs",
      "mode": "managed",
      "type": "aws_ecs_service",
      "name": "grafana",
      "provider": "provider[\"registry.terraform.io/hashicorp/aws\"]",
      "instances": [
        {
          "schema_version": 1,
          "attributes": {
            "alarms": [],
            "arn": "arn:aws:ecs:eu-north-1:544820269502:service/Grafana-ECS-cluster/grafana-task-service-hdxytfxw",
            "availability_zone_rebalancing": "ENABLED",
            "capacity_provider_strategy": [],
            "cluster": "arn:aws:ecs:eu-north-1:544820269502:cluster/Grafana-ECS-cluster",
            "deployment_circuit_breaker": [
              {
                "enable": true,
                "rollback": true
              }
            ],
            "deployment_configuration": [
              {
                "bake_time_in_minutes": "0",
                "canary_configuration": [],
                "lifecycle_hook": [],
                "linear_configuration": [],
                "strategy": "ROLLING"
              }
            ],
            "deployment_controller": [
              {
                "type": "ECS"
              }
            ],
            "deployment_maximum_percent": 200,
            "deployment_minimum_healthy_percent": 100,
            "desired_count": 0,
            "enable_ecs_managed_tags": true,
            "enable_execute_command": false,
            "force_delete": null,
            "force_new_deployment": null,
            "health_check_grace_period_seconds": 0,
            "iam_role": "/aws-service-role/ecs.amazonaws.com/AWSServiceRoleForECS",
            "id": "arn:aws:ecs:eu-north-1:544820269502:service/Grafana-ECS-cluster/grafana-task-service-hdxytfxw",
            "launch_type": "FARGATE",
            "load_balancer": [],
            "name": "grafana-task-service-hdxytfxw",
            "network_configuration": [
              {
                "assign_public_ip": true,
                "security_groups": [
                  "sg-0f99122693a71ba73"
                ],
                "subnets": [
                  "subnet-0969d0a4fa4582b70"
                ]
              }
            ],
            "ordered_placement_strategy": [],
            "placement_constraints": [],
            "platform_version": "1.4.0",
            "propagate_tags": "NONE",
            "region": "eu-north-1",
            "scheduling_strategy": "REPLICA",
            "service_connect_configuration": [],
            "service_registries": [],
            "sigint_rollback": null,
            "tags": {},
            "tags_all": {},
            "task_definition": "grafana-task:9",
            "timeouts": null,
            "triggers": {},
            "volume_configuration": [],
            "vpc_lattice_configurations": [],
            "wait_for_steady_state": null
          },
          "sensitive_attributes": [],
          "identity_schema_version": 0,
          "identity": {
            "account_id": "544820269502",
            "cluster": "arn:aws:ecs:eu-north-1:544820269502:cluster/Grafana-ECS-cluster",
            "name": "grafana-task-service-hdxytfxw",
            "region": "eu-north-1"
          },
          "private": "eyJlMmJmYjczMC1lY2FhLTExZTYtOGY4OC0zNDM2M2JjN2M0YzAiOnsiY3JlYXRlIjoxMjAwMDAwMDAwMDAwLCJkZWxldGUiOjEyMDAwMDAwMDAwMDAsInVwZGF0ZSI6MTIwMDAwMDAwMDAwMH0sInNjaGVtYV92ZXJzaW9uIjoiMSJ9",
          "dependencies": [
            "aws_security_group.grafana_sg",
            "module.ecs.aws_ecs_cluster.Grafana-ECS-cluster"
          ]
        }
      ]
    },
    {
      "module": "module.ecs",
      "mode": "managed",
      "type": "aws_ecs_task_definition",
      "name": "grafana_task",
      "provider": "provider[\"registry.terraform.io/hashicorp/aws\"]",
      "instances": [
        {
          "schema_version": 1,
          "attributes": {
            "arn": "arn:aws:ecs:eu-north-1:544820269502:task-definition/grafana-task:9",
            "arn_without_revision": "arn:aws:ecs:eu-north-1:544820269502:task-definition/grafana-task",
            "container_definitions": "[{\"environment\":[{\"name\":\"GF_AWS_PROFILES\",\"value\":\"default\"},{\"name\":\"GF_INSTALL_PLUGINS\",\"value\":\"grafana-athena-datasource\"}],\"environmentFiles\":[],\"essential\":true,\"image\":\"grafana/grafana:latest\",\"logConfiguration\":{\"logDriver\":\"awslogs\",\"options\":{\"awslogs-group\":\"/ecs/grafana-task\",\"awslogs-create-group\":\"true\",\"awslogs-region\":\"eu-north-1\",\"awslogs-stream-prefix\":\"ecs\"},\"secretOptions\":[]},\"mountPoints\":[{\"containerPath\":\"/var/lib/grafana\",\"readOnly\":false,\"sourceVolume\":\"grafana-efs\"}],\"name\":\"grafana\",\"portMappings\":[{\"appProtocol\":\"http\",\"containerPort\":3000,\"hostPort\":3000,\"name\":\"grafana-3000-tcp\",\"protocol\":\"tcp\"}],\"systemControls\":[],\"ulimits\":[],\"volumesFrom\":[]}]",
            "cpu": "512",
            "enable_fault_injection": false,
            "ephemeral_storage": [],
            "execution_role_arn": "arn:aws:iam::544820269502:role/ecs-grafana-executionRole",
            "family": "grafana-task",
            "id": "grafana-task",
            "ipc_mode": "",
            "memory": "1024",
            "network_mode": "awsvpc",
            "pid_mode": "",
            "placement_constraints": [],
            "proxy_configuration": [],
            "region": "eu-north-1",
            "requires_compatibilities": [
              "FARGATE"
            ],
            "revision": 9,
            "runtime_platform": [
              {
                "cpu_architecture": "X86_64",
                "operating_system_family": "LINUX"
              }
            ],
            "skip_destroy": null,
            "tags": {},
            "tags_all": {},
            "task_role_arn": "arn:aws:iam::544820269502:role/grafana-ecsTaskExecutionRole",
            "track_latest": false,
            "volume": [
              {
                "configure_at_launch": false,
                "docker_volume_configuration": [],
                "efs_volume_configuration": [
                  {
                    "authorization_config": [
                      {
                        "access_point_id": "fsap-0e5c07c47553a1ea6",
                        "iam": "ENABLED"
                      }
                    ],
                    "file_system_id": "fs-0fb2b2f782ea5653c",
                    "root_directory": "/",
                    "transit_encryption": "ENABLED",
                    "transit_encryption_port": 0
                  }
                ],
                "fsx_windows_file_server_volume_configuration": [],
                "host_path": "",
                "name": "grafana-efs",
                "s3files_volume_configuration": []
              }
            ]
          },
          "sensitive_attributes": [],
          "identity_schema_version": 0,
          "identity": {
            "account_id": "544820269502",
            "family": "grafana-task",
            "region": "eu-north-1",
            "revision": 9
          },
          "private": "eyJzY2hlbWFfdmVyc2lvbiI6IjEifQ==",
          "dependencies": [
            "module.efs.aws_efs_access_point.grafana_efs_ap",
            "module.efs.aws_efs_file_system.grafana_efs",
            "module.iam.aws_iam_role.ecs_grafana_execution",
            "module.iam.aws_iam_role.grafana_ecs_task_execution"
          ]
        }
      ]
    },
    {
      "module": "module.efs",
      "mode": "managed",
      "type": "aws_efs_access_point",
      "name": "grafana_efs_ap",
      "provider": "provider[\"registry.terraform.io/hashicorp/aws\"]",
      "instances": [
        {
          "schema_version": 0,
          "attributes": {
            "arn": "arn:aws:elasticfilesystem:eu-north-1:544820269502:access-point/fsap-0e5c07c47553a1ea6",
            "file_system_arn": "arn:aws:elasticfilesystem:eu-north-1:544820269502:file-system/fs-0fb2b2f782ea5653c",
            "file_system_id": "fs-0fb2b2f782ea5653c",
            "id": "fsap-0e5c07c47553a1ea6",
            "owner_id": "544820269502",
            "posix_user": [
              {
                "gid": 472,
                "secondary_gids": [],
                "uid": 472
              }
            ],
            "region": "eu-north-1",
            "root_directory": [
              {
                "creation_info": [
                  {
                    "owner_gid": 472,
                    "owner_uid": 472,
                    "permissions": "0755"
                  }
                ],
                "path": "/grafana-data"
              }
            ],
            "tags": {
              "Name": "grafana-efs-ap",
              "grafana": "efs"
            },
            "tags_all": {
              "Name": "grafana-efs-ap",
              "grafana": "efs"
            }
          },
          "sensitive_attributes": [],
          "identity_schema_version": 0,
          "private": "eyJzY2hlbWFfdmVyc2lvbiI6IjAifQ==",
          "dependencies": [
            "module.efs.aws_efs_file_system.grafana_efs"
          ]
        }
      ]
    },
    {
      "module": "module.efs",
      "mode": "managed",
      "type": "aws_efs_file_system",
      "name": "grafana_efs",
      "provider": "provider[\"registry.terraform.io/hashicorp/aws\"]",
      "instances": [
        {
          "schema_version": 0,
          "attributes": {
            "arn": "arn:aws:elasticfilesystem:eu-north-1:544820269502:file-system/fs-0fb2b2f782ea5653c",
            "availability_zone_id": "",
            "availability_zone_name": "",
            "creation_token": "console-23965ce2-f07c-4e1f-b53c-2784dde1de0c",
            "dns_name": "fs-0fb2b2f782ea5653c.efs.eu-north-1.amazonaws.com",
            "encrypted": true,
            "id": "fs-0fb2b2f782ea5653c",
            "kms_key_id": "arn:aws:kms:eu-north-1:544820269502:key/780b48f3-01e1-48fc-a6ce-e21f7dbaab37",
            "lifecycle_policy": [],
            "name": "grafana-efs",
            "number_of_mount_targets": 3,
            "owner_id": "544820269502",
            "performance_mode": "generalPurpose",
            "protection": [
              {
                "replication_overwrite": "ENABLED"
              }
            ],
            "provisioned_throughput_in_mibps": 0,
            "region": "eu-north-1",
            "size_in_bytes": [
              {
                "value": 94220288,
                "value_in_ia": 0,
                "value_in_standard": 94220288
              }
            ],
            "tags": {
              "Name": "grafana-efs",
              "grafana": "efs"
            },
            "tags_all": {
              "Name": "grafana-efs",
              "grafana": "efs"
            },
            "throughput_mode": "elastic"
          },
          "sensitive_attributes": [],
          "identity_schema_version": 0,
          "private": "eyJzY2hlbWFfdmVyc2lvbiI6IjAifQ=="
        }
      ]
    },
    {
      "module": "module.eventbridge",
      "mode": "managed",
      "type": "aws_scheduler_schedule",
      "name": "trigger-bluesky-api",
      "provider": "provider[\"registry.terraform.io/hashicorp/aws\"]",
      "instances": [
        {
          "schema_version": 0,
          "attributes": {
            "action_after_completion": "NONE",
            "arn": "arn:aws:scheduler:eu-north-1:544820269502:schedule/default/trigger-bluesky-api",
            "description": "A trigger to invoke lambda responsible for acquiring data and saving it to s3. ",
            "end_date": "",
            "flexible_time_window": [
              {
                "maximum_window_in_minutes": 0,
                "mode": "OFF"
              }
            ],
            "group_name": "default",
            "id": "default/trigger-bluesky-api",
            "kms_key_arn": "",
            "name": "trigger-bluesky-api",
            "name_prefix": "",
            "region": "eu-north-1",
            "schedule_expression": "rate(15 minutes)",
            "schedule_expression_timezone": "Europe/Madrid",
            "start_date": "",
            "state": "DISABLED",
            "target": [
              {
                "arn": "arn:aws:lambda:eu-north-1:544820269502:function:lambda-posts",
                "dead_letter_config": [],
                "ecs_parameters": [],
                "eventbridge_parameters": [],
                "input": "",
                "kinesis_parameters": [],
                "retry_policy": [
                  {
                    "maximum_event_age_in_seconds": 86400,
                    "maximum_retry_attempts": 0
                  }
                ],
                "role_arn": "arn:aws:iam::544820269502:role/service-role/Amazon_EventBridge_Scheduler_LAMBDA_41fe89560a",
                "sagemaker_pipeline_parameters": [],
                "sqs_parameters": []
              }
            ]
          },
          "sensitive_attributes": [],
          "identity_schema_version": 0,
          "private": "eyJzY2hlbWFfdmVyc2lvbiI6IjAifQ==",
          "dependencies": [
            "module.iam.aws_iam_role.eventbridge_scheduler_lambda_1",
            "module.iam.aws_iam_role.lambda_posts",
            "module.lambda.aws_lambda_function.posts-api-call"
          ]
        }
      ]
    },
    {
      "module": "module.eventbridge",
      "mode": "managed",
      "type": "aws_scheduler_schedule",
      "name": "trigger-crypto-api",
      "provider": "provider[\"registry.terraform.io/hashicorp/aws\"]",
      "instances": [
        {
          "schema_version": 0,
          "attributes": {
            "action_after_completion": "NONE",
            "arn": "arn:aws:scheduler:eu-north-1:544820269502:schedule/default/trigger-crypto-api",
            "description": "",
            "end_date": "",
            "flexible_time_window": [
              {
                "maximum_window_in_minutes": 0,
                "mode": "OFF"
              }
            ],
            "group_name": "default",
            "id": "default/trigger-crypto-api",
            "kms_key_arn": "",
            "name": "trigger-crypto-api",
            "name_prefix": "",
            "region": "eu-north-1",
            "schedule_expression": "rate(5 minutes)",
            "schedule_expression_timezone": "Europe/Madrid",
            "start_date": "",
            "state": "DISABLED",
            "target": [
              {
                "arn": "arn:aws:lambda:eu-north-1:544820269502:function:lambda-gecko",
                "dead_letter_config": [],
                "ecs_parameters": [],
                "eventbridge_parameters": [],
                "input": "",
                "kinesis_parameters": [],
                "retry_policy": [
                  {
                    "maximum_event_age_in_seconds": 86400,
                    "maximum_retry_attempts": 0
                  }
                ],
                "role_arn": "arn:aws:iam::544820269502:role/service-role/Amazon_EventBridge_Scheduler_LAMBDA_e868e70107",
                "sagemaker_pipeline_parameters": [],
                "sqs_parameters": []
              }
            ]
          },
          "sensitive_attributes": [],
          "identity_schema_version": 0,
          "private": "eyJzY2hlbWFfdmVyc2lvbiI6IjAifQ==",
          "dependencies": [
            "module.iam.aws_iam_role.eventbridge_scheduler_lambda_2",
            "module.iam.aws_iam_role.lambda_gecko",
            "module.lambda.aws_lambda_function.crypto-api-call"
          ]
        }
      ]
    },
    {
      "module": "module.glue",
      "mode": "managed",
      "type": "aws_glue_catalog_database",
      "name": "schema_database",
      "provider": "provider[\"registry.terraform.io/hashicorp/aws\"]",
      "instances": [
        {
          "schema_version": 0,
          "attributes": {
            "arn": "arn:aws:glue:eu-north-1:544820269502:database/glue-crawler-schema-database",
            "catalog_id": "544820269502",
            "create_table_default_permission": [
              {
                "permissions": [
                  "ALL"
                ],
                "principal": [
                  {
                    "data_lake_principal_identifier": "IAM_ALLOWED_PRINCIPALS"
                  }
                ]
              }
            ],
            "description": "Contenedor de Metadatos: Es una carpeta virtual donde el Crawler guardará las definiciones de las tablas (esquemas, formatos y rutas) que encuentre en tu S3 o base de datos origen. Organización: Permite que herramientas como Amazon Athena o Amazon Redshift Spectrum sepan dónde buscar las tablas para hacer consultas SQL.",
            "federated_database": [],
            "id": "544820269502:glue-crawler-schema-database",
            "location_uri": "",
            "name": "glue-crawler-schema-database",
            "parameters": {},
            "region": "eu-north-1",
            "tags": {},
            "tags_all": {},
            "target_database": []
          },
          "sensitive_attributes": [],
          "identity_schema_version": 0,
          "private": "eyJzY2hlbWFfdmVyc2lvbiI6IjAifQ=="
        }
      ]
    },
    {
      "module": "module.glue",
      "mode": "managed",
      "type": "aws_glue_crawler",
      "name": "bronze-crypto-market_ranking",
      "provider": "provider[\"registry.terraform.io/hashicorp/aws\"]",
      "instances": [
        {
          "schema_version": 0,
          "attributes": {
            "arn": "arn:aws:glue:eu-north-1:544820269502:crawler/bronze-crypto-market_ranking",
            "catalog_target": [],
            "classifiers": [],
            "configuration": "{\"Version\":1.0,\"CreatePartitionIndex\":true}",
            "database_name": "glue-crawler-schema-database",
            "delta_target": [],
            "description": "a crawler to create a datacatalog for crypto data",
            "dynamodb_target": [],
            "hudi_target": [],
            "iceberg_target": [],
            "id": "bronze-crypto-market_ranking",
            "jdbc_target": [],
            "lake_formation_configuration": [
              {
                "account_id": "",
                "use_lake_formation_credentials": false
              }
            ],
            "lineage_configuration": [
              {
                "crawler_lineage_settings": "DISABLE"
              }
            ],
            "mongodb_target": [],
            "name": "bronze-crypto-market_ranking",
            "recrawl_policy": [
              {
                "recrawl_behavior": "CRAWL_EVERYTHING"
              }
            ],
            "region": "eu-north-1",
            "role": "service-role/AWSGlueServiceRole-S3TFG",
            "s3_target": [
              {
                "connection_name": "",
                "dlq_event_queue_arn": "",
                "event_queue_arn": "",
                "exclusions": [],
                "path": "s3://amzn-s3-tfgdl/bronze/crypto/market_ranking/",
                "sample_size": 0
              }
            ],
            "schedule": "",
            "schema_change_policy": [
              {
                "delete_behavior": "LOG",
                "update_behavior": "LOG"
              }
            ],
            "security_configuration": "",
            "table_prefix": "",
            "tags": {},
            "tags_all": {}
          },
          "sensitive_attributes": [],
          "identity_schema_version": 0,
          "private": "bnVsbA==",
          "dependencies": [
            "module.iam.aws_iam_role.glue_s3_role"
          ]
        }
      ]
    },
    {
      "module": "module.glue",
      "mode": "managed",
      "type": "aws_glue_crawler",
      "name": "bronze-crypto-sentiment",
      "provider": "provider[\"registry.terraform.io/hashicorp/aws\"]",
      "instances": [
        {
          "schema_version": 0,
          "attributes": {
            "arn": "arn:aws:glue:eu-north-1:544820269502:crawler/bronze-crypto-sentiment",
            "catalog_target": [],
            "classifiers": [],
            "configuration": "{\"Version\":1.0,\"CreatePartitionIndex\":true}",
            "database_name": "glue-crawler-schema-database",
            "delta_target": [],
            "description": "a crawler to create a datacatalog for crypto data",
            "dynamodb_target": [],
            "hudi_target": [],
            "iceberg_target": [],
            "id": "bronze-crypto-sentiment",
            "jdbc_target": [],
            "lake_formation_configuration": [
              {
                "account_id": "",
                "use_lake_formation_credentials": false
              }
            ],
            "lineage_configuration": [
              {
                "crawler_lineage_settings": "DISABLE"
              }
            ],
            "mongodb_target": [],
            "name": "bronze-crypto-sentiment",
            "recrawl_policy": [
              {
                "recrawl_behavior": "CRAWL_EVERYTHING"
              }
            ],
            "region": "eu-north-1",
            "role": "service-role/AWSGlueServiceRole-S3TFG",
            "s3_target": [
              {
                "connection_name": "",
                "dlq_event_queue_arn": "",
                "event_queue_arn": "",
                "exclusions": [],
                "path": "s3://amzn-s3-tfgdl/bronze/crypto/sentiment/",
                "sample_size": 0
              }
            ],
            "schedule": "",
            "schema_change_policy": [
              {
                "delete_behavior": "LOG",
                "update_behavior": "LOG"
              }
            ],
            "security_configuration": "",
            "table_prefix": "",
            "tags": {},
            "tags_all": {}
          },
          "sensitive_attributes": [],
          "identity_schema_version": 0,
          "private": "bnVsbA==",
          "dependencies": [
            "module.iam.aws_iam_role.glue_s3_role"
          ]
        }
      ]
    },
    {
      "module": "module.glue",
      "mode": "managed",
      "type": "aws_glue_crawler",
      "name": "bronze-crypto-trending",
      "provider": "provider[\"registry.terraform.io/hashicorp/aws\"]",
      "instances": [
        {
          "schema_version": 0,
          "attributes": {
            "arn": "arn:aws:glue:eu-north-1:544820269502:crawler/bronze-crypto-trending",
            "catalog_target": [],
            "classifiers": [],
            "configuration": "{\"Version\":1.0,\"CreatePartitionIndex\":true}",
            "database_name": "glue-crawler-schema-database",
            "delta_target": [],
            "description": "a crawler to create a datacatalog for crypto data",
            "dynamodb_target": [],
            "hudi_target": [],
            "iceberg_target": [],
            "id": "bronze-crypto-trending",
            "jdbc_target": [],
            "lake_formation_configuration": [
              {
                "account_id": "",
                "use_lake_formation_credentials": false
              }
            ],
            "lineage_configuration": [
              {
                "crawler_lineage_settings": "DISABLE"
              }
            ],
            "mongodb_target": [],
            "name": "bronze-crypto-trending",
            "recrawl_policy": [
              {
                "recrawl_behavior": "CRAWL_EVERYTHING"
              }
            ],
            "region": "eu-north-1",
            "role": "service-role/AWSGlueServiceRole-S3TFG",
            "s3_target": [
              {
                "connection_name": "",
                "dlq_event_queue_arn": "",
                "event_queue_arn": "",
                "exclusions": [],
                "path": "s3://amzn-s3-tfgdl/bronze/crypto/trending/",
                "sample_size": 0
              }
            ],
            "schedule": "",
            "schema_change_policy": [
              {
                "delete_behavior": "LOG",
                "update_behavior": "LOG"
              }
            ],
            "security_configuration": "",
            "table_prefix": "",
            "tags": {},
            "tags_all": {}
          },
          "sensitive_attributes": [],
          "identity_schema_version": 0,
          "private": "bnVsbA==",
          "dependencies": [
            "module.iam.aws_iam_role.glue_s3_role"
          ]
        }
      ]
    },
    {
      "module": "module.glue",
      "mode": "managed",
      "type": "aws_glue_crawler",
      "name": "bronze-posts-content",
      "provider": "provider[\"registry.terraform.io/hashicorp/aws\"]",
      "instances": [
        {
          "schema_version": 0,
          "attributes": {
            "arn": "arn:aws:glue:eu-north-1:544820269502:crawler/bronze-posts-content",
            "catalog_target": [],
            "classifiers": [],
            "configuration": "{\"Version\":1.0,\"Grouping\":{\"TableGroupingPolicy\":\"CombineCompatibleSchemas\"},\"CreatePartitionIndex\":true}",
            "database_name": "glue-crawler-schema-database",
            "delta_target": [],
            "description": "a crawler to create a datacatalog for posts content",
            "dynamodb_target": [],
            "hudi_target": [],
            "iceberg_target": [],
            "id": "bronze-posts-content",
            "jdbc_target": [],
            "lake_formation_configuration": [
              {
                "account_id": "",
                "use_lake_formation_credentials": false
              }
            ],
            "lineage_configuration": [
              {
                "crawler_lineage_settings": "DISABLE"
              }
            ],
            "mongodb_target": [],
            "name": "bronze-posts-content",
            "recrawl_policy": [
              {
                "recrawl_behavior": "CRAWL_EVERYTHING"
              }
            ],
            "region": "eu-north-1",
            "role": "service-role/AWSGlueServiceRole-S3TFG",
            "s3_target": [
              {
                "connection_name": "",
                "dlq_event_queue_arn": "",
                "event_queue_arn": "",
                "exclusions": [],
                "path": "s3://amzn-s3-tfgdl/bronze/posts/post_content/",
                "sample_size": 0
              }
            ],
            "schedule": "",
            "schema_change_policy": [
              {
                "delete_behavior": "DEPRECATE_IN_DATABASE",
                "update_behavior": "UPDATE_IN_DATABASE"
              }
            ],
            "security_configuration": "",
            "table_prefix": "",
            "tags": {},
            "tags_all": {}
          },
          "sensitive_attributes": [],
          "identity_schema_version": 0,
          "private": "bnVsbA==",
          "dependencies": [
            "module.iam.aws_iam_role.glue_s3_role"
          ]
        }
      ]
    },
    {
      "module": "module.glue",
      "mode": "managed",
      "type": "aws_glue_crawler",
      "name": "bronze-posts-relationships",
      "provider": "provider[\"registry.terraform.io/hashicorp/aws\"]",
      "instances": [
        {
          "schema_version": 0,
          "attributes": {
            "arn": "arn:aws:glue:eu-north-1:544820269502:crawler/bronze-posts-relationships",
            "catalog_target": [],
            "classifiers": [],
            "configuration": "{\"Version\":1.0,\"Grouping\":{\"TableGroupingPolicy\":\"CombineCompatibleSchemas\"},\"CreatePartitionIndex\":true}",
            "database_name": "glue-crawler-schema-database",
            "delta_target": [],
            "description": "a crawler to create a datacatalog for accounts relationship",
            "dynamodb_target": [],
            "hudi_target": [],
            "iceberg_target": [],
            "id": "bronze-posts-relationships",
            "jdbc_target": [],
            "lake_formation_configuration": [
              {
                "account_id": "",
                "use_lake_formation_credentials": false
              }
            ],
            "lineage_configuration": [
              {
                "crawler_lineage_settings": "DISABLE"
              }
            ],
            "mongodb_target": [],
            "name": "bronze-posts-relationships",
            "recrawl_policy": [
              {
                "recrawl_behavior": "CRAWL_EVERYTHING"
              }
            ],
            "region": "eu-north-1",
            "role": "service-role/AWSGlueServiceRole-S3TFG",
            "s3_target": [
              {
                "connection_name": "",
                "dlq_event_queue_arn": "",
                "event_queue_arn": "",
                "exclusions": [],
                "path": "s3://amzn-s3-tfgdl/bronze/posts/social_media_relationships/",
                "sample_size": 0
              }
            ],
            "schedule": "",
            "schema_change_policy": [
              {
                "delete_behavior": "DEPRECATE_IN_DATABASE",
                "update_behavior": "UPDATE_IN_DATABASE"
              }
            ],
            "security_configuration": "",
            "table_prefix": "",
            "tags": {},
            "tags_all": {}
          },
          "sensitive_attributes": [],
          "identity_schema_version": 0,
          "private": "bnVsbA==",
          "dependencies": [
            "module.iam.aws_iam_role.glue_s3_role"
          ]
        }
      ]
    },
    {
      "module": "module.glue",
      "mode": "managed",
      "type": "aws_glue_crawler",
      "name": "silver-crypto-market_ranking",
      "provider": "provider[\"registry.terraform.io/hashicorp/aws\"]",
      "instances": [
        {
          "schema_version": 0,
          "attributes": {
            "arn": "arn:aws:glue:eu-north-1:544820269502:crawler/silver-crypto-market_ranking-copy",
            "catalog_target": [],
            "classifiers": [],
            "configuration": "{\"Version\":1.0,\"CreatePartitionIndex\":true}",
            "database_name": "glue-crawler-schema-database",
            "delta_target": [],
            "description": "a crawler to create a datacatalog for crypto data",
            "dynamodb_target": [],
            "hudi_target": [],
            "iceberg_target": [],
            "id": "silver-crypto-market_ranking-copy",
            "jdbc_target": [],
            "lake_formation_configuration": [
              {
                "account_id": "",
                "use_lake_formation_credentials": false
              }
            ],
            "lineage_configuration": [
              {
                "crawler_lineage_settings": "DISABLE"
              }
            ],
            "mongodb_target": [],
            "name": "silver-crypto-market_ranking-copy",
            "recrawl_policy": [
              {
                "recrawl_behavior": "CRAWL_EVERYTHING"
              }
            ],
            "region": "eu-north-1",
            "role": "service-role/AWSGlueServiceRole-S3TFG",
            "s3_target": [
              {
                "connection_name": "",
                "dlq_event_queue_arn": "",
                "event_queue_arn": "",
                "exclusions": [],
                "path": "s3://amzn-s3-tfgdl/silver/crypto-silver/market_ranking_silver/",
                "sample_size": 0
              }
            ],
            "schedule": "",
            "schema_change_policy": [
              {
                "delete_behavior": "LOG",
                "update_behavior": "LOG"
              }
            ],
            "security_configuration": "",
            "table_prefix": "",
            "tags": {},
            "tags_all": {}
          },
          "sensitive_attributes": [],
          "identity_schema_version": 0,
          "private": "bnVsbA==",
          "dependencies": [
            "module.iam.aws_iam_role.glue_s3_role"
          ]
        }
      ]
    },
    {
      "module": "module.glue",
      "mode": "managed",
      "type": "aws_glue_crawler",
      "name": "silver-crypto-sentiment",
      "provider": "provider[\"registry.terraform.io/hashicorp/aws\"]",
      "instances": [
        {
          "schema_version": 0,
          "attributes": {
            "arn": "arn:aws:glue:eu-north-1:544820269502:crawler/silver-crypto-sentiment",
            "catalog_target": [],
            "classifiers": [],
            "configuration": "{\"Version\":1.0,\"CreatePartitionIndex\":true}",
            "database_name": "glue-crawler-schema-database",
            "delta_target": [],
            "description": "a crawler to create a datacatalog for crypto data",
            "dynamodb_target": [],
            "hudi_target": [],
            "iceberg_target": [],
            "id": "silver-crypto-sentiment",
            "jdbc_target": [],
            "lake_formation_configuration": [
              {
                "account_id": "",
                "use_lake_formation_credentials": false
              }
            ],
            "lineage_configuration": [
              {
                "crawler_lineage_settings": "DISABLE"
              }
            ],
            "mongodb_target": [],
            "name": "silver-crypto-sentiment",
            "recrawl_policy": [
              {
                "recrawl_behavior": "CRAWL_EVERYTHING"
              }
            ],
            "region": "eu-north-1",
            "role": "service-role/AWSGlueServiceRole-S3TFG",
            "s3_target": [
              {
                "connection_name": "",
                "dlq_event_queue_arn": "",
                "event_queue_arn": "",
                "exclusions": [],
                "path": "s3://amzn-s3-tfgdl/silver/crypto-silver/sentiment_silver/",
                "sample_size": 0
              }
            ],
            "schedule": "",
            "schema_change_policy": [
              {
                "delete_behavior": "LOG",
                "update_behavior": "LOG"
              }
            ],
            "security_configuration": "",
            "table_prefix": "",
            "tags": {},
            "tags_all": {}
          },
          "sensitive_attributes": [],
          "identity_schema_version": 0,
          "private": "bnVsbA==",
          "dependencies": [
            "module.iam.aws_iam_role.glue_s3_role"
          ]
        }
      ]
    },
    {
      "module": "module.glue",
      "mode": "managed",
      "type": "aws_glue_crawler",
      "name": "silver-crypto-trending",
      "provider": "provider[\"registry.terraform.io/hashicorp/aws\"]",
      "instances": [
        {
          "schema_version": 0,
          "attributes": {
            "arn": "arn:aws:glue:eu-north-1:544820269502:crawler/silver-crypto-trending",
            "catalog_target": [],
            "classifiers": [],
            "configuration": "{\"Version\":1.0,\"CreatePartitionIndex\":true}",
            "database_name": "glue-crawler-schema-database",
            "delta_target": [],
            "description": "a crawler to create a datacatalog for crypto data",
            "dynamodb_target": [],
            "hudi_target": [],
            "iceberg_target": [],
            "id": "silver-crypto-trending",
            "jdbc_target": [],
            "lake_formation_configuration": [
              {
                "account_id": "",
                "use_lake_formation_credentials": false
              }
            ],
            "lineage_configuration": [
              {
                "crawler_lineage_settings": "DISABLE"
              }
            ],
            "mongodb_target": [],
            "name": "silver-crypto-trending",
            "recrawl_policy": [
              {
                "recrawl_behavior": "CRAWL_EVERYTHING"
              }
            ],
            "region": "eu-north-1",
            "role": "service-role/AWSGlueServiceRole-S3TFG",
            "s3_target": [
              {
                "connection_name": "",
                "dlq_event_queue_arn": "",
                "event_queue_arn": "",
                "exclusions": [],
                "path": "s3://amzn-s3-tfgdl/silver/crypto-silver/trending_silver/",
                "sample_size": 0
              }
            ],
            "schedule": "",
            "schema_change_policy": [
              {
                "delete_behavior": "LOG",
                "update_behavior": "LOG"
              }
            ],
            "security_configuration": "",
            "table_prefix": "",
            "tags": {},
            "tags_all": {}
          },
          "sensitive_attributes": [],
          "identity_schema_version": 0,
          "private": "bnVsbA==",
          "dependencies": [
            "module.iam.aws_iam_role.glue_s3_role"
          ]
        }
      ]
    },
    {
      "module": "module.glue",
      "mode": "managed",
      "type": "aws_glue_crawler",
      "name": "silver-posts-content",
      "provider": "provider[\"registry.terraform.io/hashicorp/aws\"]",
      "instances": [
        {
          "schema_version": 0,
          "attributes": {
            "arn": "arn:aws:glue:eu-north-1:544820269502:crawler/silver-posts-content",
            "catalog_target": [],
            "classifiers": [],
            "configuration": "{\"Version\":1.0,\"Grouping\":{\"TableGroupingPolicy\":\"CombineCompatibleSchemas\"},\"CreatePartitionIndex\":true}",
            "database_name": "glue-crawler-schema-database",
            "delta_target": [],
            "description": "a crawler to create a datacatalog for posts content",
            "dynamodb_target": [],
            "hudi_target": [],
            "iceberg_target": [],
            "id": "silver-posts-content",
            "jdbc_target": [],
            "lake_formation_configuration": [
              {
                "account_id": "",
                "use_lake_formation_credentials": false
              }
            ],
            "lineage_configuration": [
              {
                "crawler_lineage_settings": "DISABLE"
              }
            ],
            "mongodb_target": [],
            "name": "silver-posts-content",
            "recrawl_policy": [
              {
                "recrawl_behavior": "CRAWL_EVERYTHING"
              }
            ],
            "region": "eu-north-1",
            "role": "service-role/AWSGlueServiceRole-S3TFG",
            "s3_target": [
              {
                "connection_name": "",
                "dlq_event_queue_arn": "",
                "event_queue_arn": "",
                "exclusions": [],
                "path": "s3://amzn-s3-tfgdl/silver/posts-silver/post-content-silver/",
                "sample_size": 0
              }
            ],
            "schedule": "",
            "schema_change_policy": [
              {
                "delete_behavior": "DEPRECATE_IN_DATABASE",
                "update_behavior": "UPDATE_IN_DATABASE"
              }
            ],
            "security_configuration": "",
            "table_prefix": "",
            "tags": {},
            "tags_all": {}
          },
          "sensitive_attributes": [],
          "identity_schema_version": 0,
          "private": "bnVsbA==",
          "dependencies": [
            "module.iam.aws_iam_role.glue_s3_role"
          ]
        }
      ]
    },
    {
      "module": "module.glue",
      "mode": "managed",
      "type": "aws_glue_crawler",
      "name": "silver-posts-relationships",
      "provider": "provider[\"registry.terraform.io/hashicorp/aws\"]",
      "instances": [
        {
          "schema_version": 0,
          "attributes": {
            "arn": "arn:aws:glue:eu-north-1:544820269502:crawler/silver-posts-relationships",
            "catalog_target": [],
            "classifiers": [],
            "configuration": "{\"Version\":1.0,\"Grouping\":{\"TableGroupingPolicy\":\"CombineCompatibleSchemas\"},\"CreatePartitionIndex\":true}",
            "database_name": "glue-crawler-schema-database",
            "delta_target": [],
            "description": "a crawler to create a datacatalog for accounts relationship",
            "dynamodb_target": [],
            "hudi_target": [],
            "iceberg_target": [],
            "id": "silver-posts-relationships",
            "jdbc_target": [],
            "lake_formation_configuration": [
              {
                "account_id": "",
                "use_lake_formation_credentials": false
              }
            ],
            "lineage_configuration": [
              {
                "crawler_lineage_settings": "DISABLE"
              }
            ],
            "mongodb_target": [],
            "name": "silver-posts-relationships",
            "recrawl_policy": [
              {
                "recrawl_behavior": "CRAWL_EVERYTHING"
              }
            ],
            "region": "eu-north-1",
            "role": "service-role/AWSGlueServiceRole-S3TFG",
            "s3_target": [
              {
                "connection_name": "",
                "dlq_event_queue_arn": "",
                "event_queue_arn": "",
                "exclusions": [],
                "path": "s3://amzn-s3-tfgdl/silver/posts-silver/neo4j/",
                "sample_size": 0
              }
            ],
            "schedule": "",
            "schema_change_policy": [
              {
                "delete_behavior": "DEPRECATE_IN_DATABASE",
                "update_behavior": "UPDATE_IN_DATABASE"
              }
            ],
            "security_configuration": "",
            "table_prefix": "",
            "tags": {},
            "tags_all": {}
          },
          "sensitive_attributes": [],
          "identity_schema_version": 0,
          "private": "bnVsbA==",
          "dependencies": [
            "module.iam.aws_iam_role.glue_s3_role"
          ]
        }
      ]
    },
    {
      "module": "module.glue",
      "mode": "managed",
      "type": "aws_glue_job",
      "name": "ETLjobCryptoBronzeSilver",
      "provider": "provider[\"registry.terraform.io/hashicorp/aws\"]",
      "instances": [
        {
          "schema_version": 0,
          "attributes": {
            "arn": "arn:aws:glue:eu-north-1:544820269502:job/ETLjobCryptoBronzeSilver",
            "command": [
              {
                "name": "glueetl",
                "python_version": "3",
                "runtime": "",
                "script_location": "s3://aws-glue-assets-544820269502-eu-north-1/scripts/ETLjobCryptoBronzeSilver.py"
              }
            ],
            "connections": [],
            "default_arguments": {
              "--TempDir": "s3://aws-glue-assets-544820269502-eu-north-1/temporary/",
              "--conf": "spark.eventLog.rolling.enabled=true",
              "--enable-glue-datacatalog": "true",
              "--enable-job-insights": "true",
              "--enable-metrics": "true",
              "--enable-observability-metrics": "true",
              "--enable-spark-ui": "true",
              "--job-bookmark-option": "job-bookmark-disable",
              "--job-language": "python",
              "--spark-event-logs-path": "s3://aws-glue-assets-544820269502-eu-north-1/sparkHistoryLogs/"
            },
            "description": "",
            "execution_class": "",
            "execution_property": [
              {
                "max_concurrent_runs": 1
              }
            ],
            "glue_version": "5.0",
            "id": "ETLjobCryptoBronzeSilver",
            "job_mode": "SCRIPT",
            "job_run_queuing_enabled": false,
            "maintenance_window": "",
            "max_capacity": 10,
            "max_retries": 0,
            "name": "ETLjobCryptoBronzeSilver",
            "non_overridable_arguments": {},
            "notification_property": [],
            "number_of_workers": 10,
            "region": "eu-north-1",
            "role_arn": "arn:aws:iam::544820269502:role/service-role/AWSGlueServiceRole",
            "security_configuration": "",
            "source_control_details": [],
            "tags": {},
            "tags_all": {},
            "timeout": 480,
            "worker_type": "G.1X"
          },
          "sensitive_attributes": [],
          "identity_schema_version": 0,
          "identity": {
            "account_id": "544820269502",
            "name": "ETLjobCryptoBronzeSilver",
            "region": "eu-north-1"
          },
          "private": "eyJzY2hlbWFfdmVyc2lvbiI6IjAifQ==",
          "dependencies": [
            "module.iam.aws_iam_role.glue_service_role"
          ]
        }
      ]
    },
    {
      "module": "module.glue",
      "mode": "managed",
      "type": "aws_glue_job",
      "name": "JobsETLPostsBronzeSilver",
      "provider": "provider[\"registry.terraform.io/hashicorp/aws\"]",
      "instances": [
        {
          "schema_version": 0,
          "attributes": {
            "arn": "arn:aws:glue:eu-north-1:544820269502:job/JobsETLPostsBronzeSIlver.py",
            "command": [
              {
                "name": "glueetl",
                "python_version": "3",
                "runtime": "",
                "script_location": "s3://aws-glue-assets-544820269502-eu-north-1/scripts/JobsETLPostsBronzeSIlver.py"
              }
            ],
            "connections": [],
            "default_arguments": {
              "--TempDir": "s3://aws-glue-assets-544820269502-eu-north-1/temporary/",
              "--conf": "spark.eventLog.rolling.enabled=true",
              "--enable-glue-datacatalog": "true",
              "--enable-job-insights": "true",
              "--enable-metrics": "true",
              "--enable-observability-metrics": "true",
              "--enable-spark-ui": "true",
              "--job-bookmark-option": "job-bookmark-disable",
              "--job-language": "python",
              "--spark-event-logs-path": "s3://aws-glue-assets-544820269502-eu-north-1/sparkHistoryLogs/"
            },
            "description": "",
            "execution_class": "",
            "execution_property": [
              {
                "max_concurrent_runs": 1
              }
            ],
            "glue_version": "5.0",
            "id": "JobsETLPostsBronzeSIlver.py",
            "job_mode": "SCRIPT",
            "job_run_queuing_enabled": false,
            "maintenance_window": "",
            "max_capacity": 10,
            "max_retries": 0,
            "name": "JobsETLPostsBronzeSIlver.py",
            "non_overridable_arguments": {},
            "notification_property": [],
            "number_of_workers": 10,
            "region": "eu-north-1",
            "role_arn": "arn:aws:iam::544820269502:role/service-role/AWSGlueServiceRole",
            "security_configuration": "",
            "source_control_details": [],
            "tags": {},
            "tags_all": {},
            "timeout": 480,
            "worker_type": "G.1X"
          },
          "sensitive_attributes": [],
          "identity_schema_version": 0,
          "identity": {
            "account_id": "544820269502",
            "name": "JobsETLPostsBronzeSIlver.py",
            "region": "eu-north-1"
          },
          "private": "eyJzY2hlbWFfdmVyc2lvbiI6IjAifQ==",
          "dependencies": [
            "module.iam.aws_iam_role.glue_service_role"
          ]
        }
      ]
    },
    {
      "module": "module.glue",
      "mode": "managed",
      "type": "aws_glue_job",
      "name": "relationshipsBronzeSilver",
      "provider": "provider[\"registry.terraform.io/hashicorp/aws\"]",
      "instances": [
        {
          "schema_version": 0,
          "attributes": {
            "arn": "arn:aws:glue:eu-north-1:544820269502:job/relationshipsBronzeSilver.py",
            "command": [
              {
                "name": "glueetl",
                "python_version": "3",
                "runtime": "",
                "script_location": "s3://aws-glue-assets-544820269502-eu-north-1/scripts/relationshipsBronzeSilver.py"
              }
            ],
            "connections": [],
            "default_arguments": {
              "--TempDir": "s3://aws-glue-assets-544820269502-eu-north-1/temporary/",
              "--conf": "spark.eventLog.rolling.enabled=true",
              "--enable-auto-scaling": "true",
              "--enable-glue-datacatalog": "true",
              "--enable-job-insights": "true",
              "--enable-metrics": "true",
              "--enable-observability-metrics": "true",
              "--enable-spark-ui": "true",
              "--job-bookmark-option": "job-bookmark-disable",
              "--job-language": "python",
              "--spark-event-logs-path": "s3://aws-glue-assets-544820269502-eu-north-1/sparkHistoryLogs/"
            },
            "description": "",
            "execution_class": "",
            "execution_property": [
              {
                "max_concurrent_runs": 1
              }
            ],
            "glue_version": "5.0",
            "id": "relationshipsBronzeSilver.py",
            "job_mode": "SCRIPT",
            "job_run_queuing_enabled": false,
            "maintenance_window": "",
            "max_capacity": 10,
            "max_retries": 0,
            "name": "relationshipsBronzeSilver.py",
            "non_overridable_arguments": {},
            "notification_property": [],
            "number_of_workers": 10,
            "region": "eu-north-1",
            "role_arn": "arn:aws:iam::544820269502:role/service-role/AWSGlueServiceRole",
            "security_configuration": "",
            "source_control_details": [],
            "tags": {},
            "tags_all": {},
            "timeout": 480,
            "worker_type": "G.1X"
          },
          "sensitive_attributes": [],
          "identity_schema_version": 0,
          "identity": {
            "account_id": "544820269502",
            "name": "relationshipsBronzeSilver.py",
            "region": "eu-north-1"
          },
          "private": "eyJzY2hlbWFfdmVyc2lvbiI6IjAifQ==",
          "dependencies": [
            "module.iam.aws_iam_role.glue_service_role"
          ]
        }
      ]
    },
    {
      "module": "module.iam",
      "mode": "managed",
      "type": "aws_iam_role",
      "name": "ecs_grafana_execution",
      "provider": "provider[\"registry.terraform.io/hashicorp/aws\"]",
      "instances": [
        {
          "schema_version": 0,
          "attributes": {
            "arn": "arn:aws:iam::544820269502:role/ecs-grafana-executionRole",
            "assume_role_policy": "{\"Statement\":[{\"Action\":\"sts:AssumeRole\",\"Condition\":{\"ArnLike\":{\"aws:SourceArn\":\"arn:aws:ecs:eu-north-1:544820269502:*\"},\"StringEquals\":{\"aws:SourceAccount\":\"544820269502\"}},\"Effect\":\"Allow\",\"Principal\":{\"Service\":\"ecs-tasks.amazonaws.com\"}}],\"Version\":\"2012-10-17\"}",
            "create_date": "2026-04-06T19:13:26Z",
            "description": "",
            "force_detach_policies": false,
            "id": "ecs-grafana-executionRole",
            "inline_policy": [],
            "managed_policy_arns": [
              "arn:aws:iam::aws:policy/AmazonElasticFileSystemClientFullAccess",
              "arn:aws:iam::aws:policy/service-role/AmazonECSTaskExecutionRolePolicy"
            ],
            "max_session_duration": 3600,
            "name": "ecs-grafana-executionRole",
            "name_prefix": "",
            "path": "/",
            "permissions_boundary": "",
            "tags": {},
            "tags_all": {},
            "unique_id": "AROAX5WORSG7F3EYJCAVU"
          },
          "sensitive_attributes": [],
          "identity_schema_version": 0,
          "identity": {
            "account_id": "544820269502",
            "name": "ecs-grafana-executionRole"
          },
          "private": "eyJzY2hlbWFfdmVyc2lvbiI6IjAifQ=="
        }
      ]
    },
    {
      "module": "module.iam",
      "mode": "managed",
      "type": "aws_iam_role",
      "name": "eventbridge_scheduler_lambda_1",
      "provider": "provider[\"registry.terraform.io/hashicorp/aws\"]",
      "instances": [
        {
          "schema_version": 0,
          "attributes": {
            "arn": "arn:aws:iam::544820269502:role/service-role/Amazon_EventBridge_Scheduler_LAMBDA_41fe89560a",
            "assume_role_policy": "{\"Statement\":[{\"Action\":\"sts:AssumeRole\",\"Condition\":{\"StringEquals\":{\"aws:SourceAccount\":\"544820269502\"}},\"Effect\":\"Allow\",\"Principal\":{\"Service\":\"scheduler.amazonaws.com\"}}],\"Version\":\"2012-10-17\"}",
            "create_date": "2026-03-25T19:24:16Z",
            "description": "",
            "force_detach_policies": false,
            "id": "Amazon_EventBridge_Scheduler_LAMBDA_41fe89560a",
            "inline_policy": [],
            "managed_policy_arns": [
              "arn:aws:iam::544820269502:policy/service-role/Amazon-EventBridge-Scheduler-Execution-Policy-cd218e8a-79d2-4fb5-9ce1-64da27d7108e"
            ],
            "max_session_duration": 3600,
            "name": "Amazon_EventBridge_Scheduler_LAMBDA_41fe89560a",
            "name_prefix": "",
            "path": "/service-role/",
            "permissions_boundary": "",
            "tags": {},
            "tags_all": {},
            "unique_id": "AROAX5WORSG7BLEBA25QK"
          },
          "sensitive_attributes": [],
          "identity_schema_version": 0,
          "identity": {
            "account_id": "544820269502",
            "name": "Amazon_EventBridge_Scheduler_LAMBDA_41fe89560a"
          },
          "private": "eyJzY2hlbWFfdmVyc2lvbiI6IjAifQ=="
        }
      ]
    },
    {
      "module": "module.iam",
      "mode": "managed",
      "type": "aws_iam_role",
      "name": "eventbridge_scheduler_lambda_2",
      "provider": "provider[\"registry.terraform.io/hashicorp/aws\"]",
      "instances": [
        {
          "schema_version": 0,
          "attributes": {
            "arn": "arn:aws:iam::544820269502:role/service-role/Amazon_EventBridge_Scheduler_LAMBDA_e868e70107",
            "assume_role_policy": "{\"Statement\":[{\"Action\":\"sts:AssumeRole\",\"Condition\":{\"StringEquals\":{\"aws:SourceAccount\":\"544820269502\"}},\"Effect\":\"Allow\",\"Principal\":{\"Service\":\"scheduler.amazonaws.com\"}}],\"Version\":\"2012-10-17\"}",
            "create_date": "2026-02-24T11:56:18Z",
            "description": "",
            "force_detach_policies": false,
            "id": "Amazon_EventBridge_Scheduler_LAMBDA_e868e70107",
            "inline_policy": [],
            "managed_policy_arns": [
              "arn:aws:iam::544820269502:policy/service-role/Amazon-EventBridge-Scheduler-Execution-Policy-d8a453a3-82e1-4edb-a4b2-c68e2d6241e5"
            ],
            "max_session_duration": 3600,
            "name": "Amazon_EventBridge_Scheduler_LAMBDA_e868e70107",
            "name_prefix": "",
            "path": "/service-role/",
            "permissions_boundary": "",
            "tags": {},
            "tags_all": {},
            "unique_id": "AROAX5WORSG7LZ6Y4GF6A"
          },
          "sensitive_attributes": [],
          "identity_schema_version": 0,
          "identity": {
            "account_id": "544820269502",
            "name": "Amazon_EventBridge_Scheduler_LAMBDA_e868e70107"
          },
          "private": "eyJzY2hlbWFfdmVyc2lvbiI6IjAifQ=="
        }
      ]
    },
    {
      "module": "module.iam",
      "mode": "managed",
      "type": "aws_iam_role",
      "name": "glue_s3_role",
      "provider": "provider[\"registry.terraform.io/hashicorp/aws\"]",
      "instances": [
        {
          "schema_version": 0,
          "attributes": {
            "arn": "arn:aws:iam::544820269502:role/service-role/AWSGlueServiceRole-S3TFG",
            "assume_role_policy": "{\"Statement\":[{\"Action\":\"sts:AssumeRole\",\"Effect\":\"Allow\",\"Principal\":{\"Service\":\"glue.amazonaws.com\"}}],\"Version\":\"2012-10-17\"}",
            "create_date": "2026-03-20T15:46:16Z",
            "description": "",
            "force_detach_policies": false,
            "id": "AWSGlueServiceRole-S3TFG",
            "inline_policy": [],
            "managed_policy_arns": [
              "arn:aws:iam::544820269502:policy/service-role/AWSGlueServiceRole-S3TFG-EZCRC-s3Policy",
              "arn:aws:iam::aws:policy/AWSGlueConsoleFullAccess",
              "arn:aws:iam::aws:policy/ComprehendFullAccess",
              "arn:aws:iam::aws:policy/service-role/AWSGlueServiceRole"
            ],
            "max_session_duration": 3600,
            "name": "AWSGlueServiceRole-S3TFG",
            "name_prefix": "",
            "path": "/service-role/",
            "permissions_boundary": "",
            "tags": {},
            "tags_all": {},
            "unique_id": "AROAX5WORSG7N7DZ6DNYT"
          },
          "sensitive_attributes": [],
          "identity_schema_version": 0,
          "identity": {
            "account_id": "544820269502",
            "name": "AWSGlueServiceRole-S3TFG"
          },
          "private": "eyJzY2hlbWFfdmVyc2lvbiI6IjAifQ=="
        }
      ]
    },
    {
      "module": "module.iam",
      "mode": "managed",
      "type": "aws_iam_role",
      "name": "glue_service_role",
      "provider": "provider[\"registry.terraform.io/hashicorp/aws\"]",
      "instances": [
        {
          "schema_version": 0,
          "attributes": {
            "arn": "arn:aws:iam::544820269502:role/service-role/AWSGlueServiceRole",
            "assume_role_policy": "{\"Statement\":[{\"Action\":\"sts:AssumeRole\",\"Condition\":{\"StringEquals\":{\"aws:SourceAccount\":\"544820269502\"}},\"Effect\":\"Allow\",\"Principal\":{\"Service\":\"glue.amazonaws.com\"}}],\"Version\":\"2012-10-17\"}",
            "create_date": "2026-03-20T16:13:50Z",
            "description": "",
            "force_detach_policies": false,
            "id": "AWSGlueServiceRole",
            "inline_policy": [],
            "managed_policy_arns": [
              "arn:aws:iam::544820269502:policy/service-role/AWSGlueServiceRole-EZCRC-s3Policy",
              "arn:aws:iam::aws:policy/AWSGlueConsoleFullAccess",
              "arn:aws:iam::aws:policy/AmazonS3FullAccess",
              "arn:aws:iam::aws:policy/ComprehendReadOnly",
              "arn:aws:iam::aws:policy/service-role/AWSGlueServiceRole"
            ],
            "max_session_duration": 3600,
            "name": "AWSGlueServiceRole",
            "name_prefix": "",
            "path": "/service-role/",
            "permissions_boundary": "",
            "tags": {},
            "tags_all": {},
            "unique_id": "AROAX5WORSG7MONASWCW2"
          },
          "sensitive_attributes": [],
          "identity_schema_version": 0,
          "identity": {
            "account_id": "544820269502",
            "name": "AWSGlueServiceRole"
          },
          "private": "eyJzY2hlbWFfdmVyc2lvbiI6IjAifQ=="
        }
      ]
    },
    {
      "module": "module.iam",
      "mode": "managed",
      "type": "aws_iam_role",
      "name": "grafana_ecs_task_execution",
      "provider": "provider[\"registry.terraform.io/hashicorp/aws\"]",
      "instances": [
        {
          "schema_version": 0,
          "attributes": {
            "arn": "arn:aws:iam::544820269502:role/grafana-ecsTaskExecutionRole",
            "assume_role_policy": "{\"Statement\":[{\"Action\":\"sts:AssumeRole\",\"Effect\":\"Allow\",\"Principal\":{\"Service\":\"ecs-tasks.amazonaws.com\"}}],\"Version\":\"2012-10-17\"}",
            "create_date": "2026-04-06T19:15:47Z",
            "description": "",
            "force_detach_policies": false,
            "id": "grafana-ecsTaskExecutionRole",
            "inline_policy": [],
            "managed_policy_arns": [
              "arn:aws:iam::544820269502:policy/AthenagrafanaoficialPolicy"
            ],
            "max_session_duration": 3600,
            "name": "grafana-ecsTaskExecutionRole",
            "name_prefix": "",
            "path": "/",
            "permissions_boundary": "",
            "tags": {},
            "tags_all": {},
            "unique_id": "AROAX5WORSG7DZKT3WFYN"
          },
          "sensitive_attributes": [],
          "identity_schema_version": 0,
          "identity": {
            "account_id": "544820269502",
            "name": "grafana-ecsTaskExecutionRole"
          },
          "private": "eyJzY2hlbWFfdmVyc2lvbiI6IjAifQ=="
        }
      ]
    },
    {
      "module": "module.iam",
      "mode": "managed",
      "type": "aws_iam_role",
      "name": "http_function_url_tutorial",
      "provider": "provider[\"registry.terraform.io/hashicorp/aws\"]",
      "instances": [
        {
          "schema_version": 0,
          "attributes": {
            "arn": "arn:aws:iam::544820269502:role/service-role/http-function-url-tutorial-role-ja5hhi5t",
            "assume_role_policy": "{\"Statement\":[{\"Action\":\"sts:AssumeRole\",\"Effect\":\"Allow\",\"Principal\":{\"Service\":\"lambda.amazonaws.com\"}}],\"Version\":\"2012-10-17\"}",
            "create_date": "2026-02-16T12:25:17Z",
            "description": "",
            "force_detach_policies": false,
            "id": "http-function-url-tutorial-role-ja5hhi5t",
            "inline_policy": [],
            "managed_policy_arns": [
              "arn:aws:iam::544820269502:policy/service-role/AWSLambdaBasicExecutionRole-9f908512-b5da-4208-9316-913f46bfd64a"
            ],
            "max_session_duration": 3600,
            "name": "http-function-url-tutorial-role-ja5hhi5t",
            "name_prefix": "",
            "path": "/service-role/",
            "permissions_boundary": "",
            "tags": {},
            "tags_all": {},
            "unique_id": "AROAX5WORSG7CV44PWCBY"
          },
          "sensitive_attributes": [],
          "identity_schema_version": 0,
          "identity": {
            "account_id": "544820269502",
            "name": "http-function-url-tutorial-role-ja5hhi5t"
          },
          "private": "eyJzY2hlbWFfdmVyc2lvbiI6IjAifQ=="
        }
      ]
    },
    {
      "module": "module.iam",
      "mode": "managed",
      "type": "aws_iam_role",
      "name": "lambda_gecko",
      "provider": "provider[\"registry.terraform.io/hashicorp/aws\"]",
      "instances": [
        {
          "schema_version": 0,
          "attributes": {
            "arn": "arn:aws:iam::544820269502:role/service-role/lambda-gecko-role-d1cyk3hi",
            "assume_role_policy": "{\"Statement\":[{\"Action\":\"sts:AssumeRole\",\"Effect\":\"Allow\",\"Principal\":{\"Service\":\"lambda.amazonaws.com\"}}],\"Version\":\"2012-10-17\"}",
            "create_date": "2026-02-20T11:58:30Z",
            "description": "",
            "force_detach_policies": false,
            "id": "lambda-gecko-role-d1cyk3hi",
            "inline_policy": [
              {
                "name": "LambdaCryptoS3Access",
                "policy": "{\"Version\":\"2012-10-17\",\"Statement\":[{\"Action\":[\"s3:PutObject\",\"s3:GetObject\"],\"Effect\":\"Allow\",\"Resource\":\"arn:aws:s3:::amzn-s3-tfgdl/*\"}]}"
              }
            ],
            "managed_policy_arns": [
              "arn:aws:iam::544820269502:policy/service-role/AWSLambdaBasicExecutionRole-c246af12-63c3-49a4-a07f-b1a379e92221",
              "arn:aws:iam::aws:policy/AWSSecretsManagerClientReadOnlyAccess"
            ],
            "max_session_duration": 3600,
            "name": "lambda-gecko-role-d1cyk3hi",
            "name_prefix": "",
            "path": "/service-role/",
            "permissions_boundary": "",
            "tags": {},
            "tags_all": {},
            "unique_id": "AROAX5WORSG7KGKYQFAFS"
          },
          "sensitive_attributes": [],
          "identity_schema_version": 0,
          "identity": {
            "account_id": "544820269502",
            "name": "lambda-gecko-role-d1cyk3hi"
          },
          "private": "eyJzY2hlbWFfdmVyc2lvbiI6IjAifQ=="
        }
      ]
    },
    {
      "module": "module.iam",
      "mode": "managed",
      "type": "aws_iam_role",
      "name": "lambda_posts",
      "provider": "provider[\"registry.terraform.io/hashicorp/aws\"]",
      "instances": [
        {
          "schema_version": 0,
          "attributes": {
            "arn": "arn:aws:iam::544820269502:role/service-role/lambda-posts-role-p6kfn5ls",
            "assume_role_policy": "{\"Statement\":[{\"Action\":\"sts:AssumeRole\",\"Effect\":\"Allow\",\"Principal\":{\"Service\":\"lambda.amazonaws.com\"}}],\"Version\":\"2012-10-17\"}",
            "create_date": "2026-02-24T10:19:25Z",
            "description": "",
            "force_detach_policies": false,
            "id": "lambda-posts-role-p6kfn5ls",
            "inline_policy": [
              {
                "name": "lambdaPostsS3access",
                "policy": "{\"Version\":\"2012-10-17\",\"Statement\":[{\"Action\":[\"s3:PutObject\"],\"Effect\":\"Allow\",\"Resource\":[\"arn:aws:s3:::amzn-s3-tfgdl/*\"],\"Sid\":\"Statement1\"}]}"
              }
            ],
            "managed_policy_arns": [
              "arn:aws:iam::544820269502:policy/service-role/AWSLambdaBasicExecutionRole-585cd1dc-3cdc-480e-b732-acd32ca8c468",
              "arn:aws:iam::aws:policy/AWSSecretsManagerClientReadOnlyAccess"
            ],
            "max_session_duration": 3600,
            "name": "lambda-posts-role-p6kfn5ls",
            "name_prefix": "",
            "path": "/service-role/",
            "permissions_boundary": "",
            "tags": {},
            "tags_all": {},
            "unique_id": "AROAX5WORSG7FPLYCM54J"
          },
          "sensitive_attributes": [],
          "identity_schema_version": 0,
          "identity": {
            "account_id": "544820269502",
            "name": "lambda-posts-role-p6kfn5ls"
          },
          "private": "eyJzY2hlbWFfdmVyc2lvbiI6IjAifQ=="
        }
      ]
    },
    {
      "module": "module.iam",
      "mode": "managed",
      "type": "aws_iam_role",
      "name": "rds_monitoring",
      "provider": "provider[\"registry.terraform.io/hashicorp/aws\"]",
      "instances": [
        {
          "schema_version": 0,
          "attributes": {
            "arn": "arn:aws:iam::544820269502:role/rds-monitoring-role",
            "assume_role_policy": "{\"Statement\":[{\"Action\":\"sts:AssumeRole\",\"Effect\":\"Allow\",\"Principal\":{\"Service\":\"monitoring.rds.amazonaws.com\"},\"Sid\":\"\"}],\"Version\":\"2012-10-17\"}",
            "create_date": "2026-02-16T12:15:49Z",
            "description": "",
            "force_detach_policies": false,
            "id": "rds-monitoring-role",
            "inline_policy": [],
            "managed_policy_arns": [
              "arn:aws:iam::aws:policy/service-role/AmazonRDSEnhancedMonitoringRole"
            ],
            "max_session_duration": 3600,
            "name": "rds-monitoring-role",
            "name_prefix": "",
            "path": "/",
            "permissions_boundary": "",
            "tags": {},
            "tags_all": {},
            "unique_id": "AROAX5WORSG7LOK63TJBT"
          },
          "sensitive_attributes": [],
          "identity_schema_version": 0,
          "identity": {
            "account_id": "544820269502",
            "name": "rds-monitoring-role"
          },
          "private": "eyJzY2hlbWFfdmVyc2lvbiI6IjAifQ=="
        }
      ]
    },
    {
      "module": "module.iam",
      "mode": "managed",
      "type": "aws_iam_user",
      "name": "grau_cladera",
      "provider": "provider[\"registry.terraform.io/hashicorp/aws\"]",
      "instances": [
        {
          "schema_version": 0,
          "attributes": {
            "arn": "arn:aws:iam::544820269502:user/grau_cladera",
            "force_destroy": null,
            "id": "grau_cladera",
            "name": "grau_cladera",
            "path": "/",
            "permissions_boundary": "",
            "tags": {
              "AKIAX5WORSG7MF2V2OWY": "AWS CLI consola "
            },
            "tags_all": {
              "AKIAX5WORSG7MF2V2OWY": "AWS CLI consola "
            },
            "unique_id": "AIDAX5WORSG7NSIGGSBIW"
          },
          "sensitive_attributes": [],
          "identity_schema_version": 0,
          "identity": {
            "account_id": "544820269502",
            "name": "grau_cladera"
          },
          "private": "eyJzY2hlbWFfdmVyc2lvbiI6IjAifQ=="
        }
      ]
    },
    {
      "module": "module.lambda",
      "mode": "managed",
      "type": "aws_lambda_function",
      "name": "crypto-api-call",
      "provider": "provider[\"registry.terraform.io/hashicorp/aws\"]",
      "instances": [
        {
          "schema_version": 0,
          "attributes": {
            "architectures": [
              "x86_64"
            ],
            "arn": "arn:aws:lambda:eu-north-1:544820269502:function:lambda-gecko",
            "capacity_provider_config": [],
            "code_sha256": "Yan6wKQm6rAzIeXWFOEzJU27caSQ27IbUxFVWiupnqo=",
            "code_signing_config_arn": "",
            "dead_letter_config": [],
            "description": "",
            "durable_config": [],
            "environment": [
              {
                "variables": {
                  "COINGECKO_API_KEY": "CG-jKMgn4fNoUstQL6WD93fYi2E",
                  "TZ": "Europe/Madrid"
                }
              }
            ],
            "ephemeral_storage": [
              {
                "size": 512
              }
            ],
            "file_system_config": [],
            "filename": null,
            "function_name": "lambda-gecko",
            "handler": "lambda_function.lambda_handler",
            "id": "lambda-gecko",
            "image_config": [],
            "image_uri": "",
            "invoke_arn": "arn:aws:apigateway:eu-north-1:lambda:path/2015-03-31/functions/arn:aws:lambda:eu-north-1:544820269502:function:lambda-gecko/invocations",
            "kms_key_arn": "",
            "last_modified": "2026-05-05T16:07:36.000+0000",
            "layers": [
              "arn:aws:lambda:eu-north-1:336392948345:layer:AWSSDKPandas-Python312:22"
            ],
            "logging_config": [
              {
                "application_log_level": "",
                "log_format": "Text",
                "log_group": "/aws/lambda/lambda-gecko",
                "system_log_level": ""
              }
            ],
            "memory_size": 128,
            "package_type": "Zip",
            "publish": null,
            "publish_to": null,
            "qualified_arn": "arn:aws:lambda:eu-north-1:544820269502:function:lambda-gecko:$LATEST",
            "qualified_invoke_arn": "arn:aws:apigateway:eu-north-1:lambda:path/2015-03-31/functions/arn:aws:lambda:eu-north-1:544820269502:function:lambda-gecko:$LATEST/invocations",
            "region": "eu-north-1",
            "replace_security_groups_on_destroy": null,
            "replacement_security_group_ids": null,
            "reserved_concurrent_executions": -1,
            "response_streaming_invoke_arn": "arn:aws:apigateway:eu-north-1:lambda:path/2021-11-15/functions/arn:aws:lambda:eu-north-1:544820269502:function:lambda-gecko/response-streaming-invocations",
            "role": "arn:aws:iam::544820269502:role/service-role/lambda-gecko-role-d1cyk3hi",
            "runtime": "python3.12",
            "s3_bucket": null,
            "s3_key": null,
            "s3_object_version": null,
            "signing_job_arn": "",
            "signing_profile_version_arn": "",
            "skip_destroy": false,
            "snap_start": [],
            "source_code_hash": "",
            "source_code_size": 5758219,
            "source_kms_key_arn": "",
            "tags": {},
            "tags_all": {},
            "tenancy_config": [],
            "timeout": 60,
            "timeouts": null,
            "tracing_config": [
              {
                "mode": "PassThrough"
              }
            ],
            "version": "$LATEST",
            "vpc_config": []
          },
          "sensitive_attributes": [],
          "identity_schema_version": 0,
          "identity": {
            "account_id": "544820269502",
            "function_name": "lambda-gecko",
            "region": "eu-north-1"
          },
          "private": "eyJlMmJmYjczMC1lY2FhLTExZTYtOGY4OC0zNDM2M2JjN2M0YzAiOnsiY3JlYXRlIjo2MDAwMDAwMDAwMDAsImRlbGV0ZSI6NjAwMDAwMDAwMDAwLCJ1cGRhdGUiOjYwMDAwMDAwMDAwMH0sInNjaGVtYV92ZXJzaW9uIjoiMCJ9",
          "dependencies": [
            "module.iam.aws_iam_role.lambda_gecko"
          ]
        }
      ]
    },
    {
      "module": "module.lambda",
      "mode": "managed",
      "type": "aws_lambda_function",
      "name": "posts-api-call",
      "provider": "provider[\"registry.terraform.io/hashicorp/aws\"]",
      "instances": [
        {
          "schema_version": 0,
          "attributes": {
            "architectures": [
              "x86_64"
            ],
            "arn": "arn:aws:lambda:eu-north-1:544820269502:function:lambda-posts",
            "capacity_provider_config": [],
            "code_sha256": "MXZdMvM1b/ffGtwDEEiqNAF4ycoD5XvSMgNTgc72lwU=",
            "code_signing_config_arn": "",
            "dead_letter_config": [],
            "description": "",
            "durable_config": [],
            "environment": [
              {
                "variables": {
                  "BS_PASSWORD": "mENp8HEbpv9kUid",
                  "BS_USER": "grau.cladera@autonoma.cat",
                  "COINGECKO_API_KEY": "CG-jKMgn4fNoUstQL6WD93fYi2E",
                  "TZ": "Europe/Madrid"
                }
              }
            ],
            "ephemeral_storage": [
              {
                "size": 512
              }
            ],
            "file_system_config": [],
            "filename": null,
            "function_name": "lambda-posts",
            "handler": "lambda_function.lambda_handler",
            "id": "lambda-posts",
            "image_config": [],
            "image_uri": "",
            "invoke_arn": "arn:aws:apigateway:eu-north-1:lambda:path/2015-03-31/functions/arn:aws:lambda:eu-north-1:544820269502:function:lambda-posts/invocations",
            "kms_key_arn": "",
            "last_modified": "2026-05-05T16:49:48.000+0000",
            "layers": [
              "arn:aws:lambda:eu-north-1:336392948345:layer:AWSSDKPandas-Python312:22"
            ],
            "logging_config": [
              {
                "application_log_level": "",
                "log_format": "Text",
                "log_group": "/aws/lambda/lambda-posts",
                "system_log_level": ""
              }
            ],
            "memory_size": 512,
            "package_type": "Zip",
            "publish": null,
            "publish_to": null,
            "qualified_arn": "arn:aws:lambda:eu-north-1:544820269502:function:lambda-posts:$LATEST",
            "qualified_invoke_arn": "arn:aws:apigateway:eu-north-1:lambda:path/2015-03-31/functions/arn:aws:lambda:eu-north-1:544820269502:function:lambda-posts:$LATEST/invocations",
            "region": "eu-north-1",
            "replace_security_groups_on_destroy": null,
            "replacement_security_group_ids": null,
            "reserved_concurrent_executions": -1,
            "response_streaming_invoke_arn": "arn:aws:apigateway:eu-north-1:lambda:path/2021-11-15/functions/arn:aws:lambda:eu-north-1:544820269502:function:lambda-posts/response-streaming-invocations",
            "role": "arn:aws:iam::544820269502:role/service-role/lambda-posts-role-p6kfn5ls",
            "runtime": "python3.12",
            "s3_bucket": null,
            "s3_key": null,
            "s3_object_version": null,
            "signing_job_arn": "",
            "signing_profile_version_arn": "",
            "skip_destroy": false,
            "snap_start": [],
            "source_code_hash": "",
            "source_code_size": 13972824,
            "source_kms_key_arn": "",
            "tags": {},
            "tags_all": {},
            "tenancy_config": [],
            "timeout": 180,
            "timeouts": null,
            "tracing_config": [
              {
                "mode": "PassThrough"
              }
            ],
            "version": "$LATEST",
            "vpc_config": []
          },
          "sensitive_attributes": [],
          "identity_schema_version": 0,
          "identity": {
            "account_id": "544820269502",
            "function_name": "lambda-posts",
            "region": "eu-north-1"
          },
          "private": "eyJlMmJmYjczMC1lY2FhLTExZTYtOGY4OC0zNDM2M2JjN2M0YzAiOnsiY3JlYXRlIjo2MDAwMDAwMDAwMDAsImRlbGV0ZSI6NjAwMDAwMDAwMDAwLCJ1cGRhdGUiOjYwMDAwMDAwMDAwMH0sInNjaGVtYV92ZXJzaW9uIjoiMCJ9",
          "dependencies": [
            "module.iam.aws_iam_role.lambda_posts"
          ]
        }
      ]
    },
    {
      "module": "module.s3",
      "mode": "managed",
      "type": "aws_s3_bucket",
      "name": "athena-query-results",
      "provider": "provider[\"registry.terraform.io/hashicorp/aws\"]",
      "instances": [
        {
          "schema_version": 0,
          "attributes": {
            "acceleration_status": "",
            "acl": null,
            "arn": "arn:aws:s3:::s3-athena-query-results-tfgdl",
            "bucket": "s3-athena-query-results-tfgdl",
            "bucket_domain_name": "s3-athena-query-results-tfgdl.s3.amazonaws.com",
            "bucket_namespace": "global",
            "bucket_prefix": "",
            "bucket_region": "eu-north-1",
            "bucket_regional_domain_name": "s3-athena-query-results-tfgdl.s3.eu-north-1.amazonaws.com",
            "cors_rule": [],
            "force_destroy": false,
            "grant": [
              {
                "id": "e0eb9b8962bb9b3fb80493d1ad71eebf165c168cafa0a0c21d8ac0a7783ac53b",
                "permissions": [
                  "FULL_CONTROL"
                ],
                "type": "CanonicalUser",
                "uri": ""
              }
            ],
            "hosted_zone_id": "Z3BAZG2TWCNX0D",
            "id": "s3-athena-query-results-tfgdl",
            "lifecycle_rule": [],
            "logging": [],
            "object_lock_configuration": [],
            "object_lock_enabled": false,
            "policy": "",
            "region": "eu-north-1",
            "replication_configuration": [],
            "request_payer": "BucketOwner",
            "server_side_encryption_configuration": [
              {
                "rule": [
                  {
                    "apply_server_side_encryption_by_default": [
                      {
                        "kms_master_key_id": "",
                        "sse_algorithm": "AES256"
                      }
                    ],
                    "bucket_key_enabled": true
                  }
                ]
              }
            ],
            "tags": {},
            "tags_all": {},
            "timeouts": null,
            "versioning": [
              {
                "enabled": false,
                "mfa_delete": false
              }
            ],
            "website": [],
            "website_domain": null,
            "website_endpoint": null
          },
          "sensitive_attributes": [],
          "identity_schema_version": 0,
          "identity": {
            "account_id": "544820269502",
            "bucket": "s3-athena-query-results-tfgdl",
            "region": "eu-north-1"
          },
          "private": "eyJlMmJmYjczMC1lY2FhLTExZTYtOGY4OC0zNDM2M2JjN2M0YzAiOnsiY3JlYXRlIjoxMjAwMDAwMDAwMDAwLCJkZWxldGUiOjM2MDAwMDAwMDAwMDAsInJlYWQiOjEyMDAwMDAwMDAwMDAsInVwZGF0ZSI6MTIwMDAwMDAwMDAwMH0sInNjaGVtYV92ZXJzaW9uIjoiMCJ9"
        }
      ]
    },
    {
      "module": "module.s3",
      "mode": "managed",
      "type": "aws_s3_bucket",
      "name": "aws-glue-assets-eu-north-1",
      "provider": "provider[\"registry.terraform.io/hashicorp/aws\"]",
      "instances": [
        {
          "schema_version": 0,
          "attributes": {
            "acceleration_status": "",
            "acl": null,
            "arn": "arn:aws:s3:::aws-glue-assets-544820269502-eu-north-1",
            "bucket": "aws-glue-assets-544820269502-eu-north-1",
            "bucket_domain_name": "aws-glue-assets-544820269502-eu-north-1.s3.amazonaws.com",
            "bucket_namespace": "global",
            "bucket_prefix": "",
            "bucket_region": "eu-north-1",
            "bucket_regional_domain_name": "aws-glue-assets-544820269502-eu-north-1.s3.eu-north-1.amazonaws.com",
            "cors_rule": [],
            "force_destroy": false,
            "grant": [
              {
                "id": "e0eb9b8962bb9b3fb80493d1ad71eebf165c168cafa0a0c21d8ac0a7783ac53b",
                "permissions": [
                  "FULL_CONTROL"
                ],
                "type": "CanonicalUser",
                "uri": ""
              }
            ],
            "hosted_zone_id": "Z3BAZG2TWCNX0D",
            "id": "aws-glue-assets-544820269502-eu-north-1",
            "lifecycle_rule": [],
            "logging": [],
            "object_lock_configuration": [],
            "object_lock_enabled": false,
            "policy": "",
            "region": "eu-north-1",
            "replication_configuration": [],
            "request_payer": "BucketOwner",
            "server_side_encryption_configuration": [
              {
                "rule": [
                  {
                    "apply_server_side_encryption_by_default": [
                      {
                        "kms_master_key_id": "",
                        "sse_algorithm": "AES256"
                      }
                    ],
                    "bucket_key_enabled": false
                  }
                ]
              }
            ],
            "tags": {},
            "tags_all": {},
            "timeouts": null,
            "versioning": [
              {
                "enabled": false,
                "mfa_delete": false
              }
            ],
            "website": [],
            "website_domain": null,
            "website_endpoint": null
          },
          "sensitive_attributes": [],
          "identity_schema_version": 0,
          "identity": {
            "account_id": "544820269502",
            "bucket": "aws-glue-assets-544820269502-eu-north-1",
            "region": "eu-north-1"
          },
          "private": "eyJlMmJmYjczMC1lY2FhLTExZTYtOGY4OC0zNDM2M2JjN2M0YzAiOnsiY3JlYXRlIjoxMjAwMDAwMDAwMDAwLCJkZWxldGUiOjM2MDAwMDAwMDAwMDAsInJlYWQiOjEyMDAwMDAwMDAwMDAsInVwZGF0ZSI6MTIwMDAwMDAwMDAwMH0sInNjaGVtYV92ZXJzaW9uIjoiMCJ9"
        }
      ]
    },
    {
      "module": "module.s3",
      "mode": "managed",
      "type": "aws_s3_bucket",
      "name": "s3-datalake",
      "provider": "provider[\"registry.terraform.io/hashicorp/aws\"]",
      "instances": [
        {
          "schema_version": 0,
          "attributes": {
            "acceleration_status": "",
            "acl": null,
            "arn": "arn:aws:s3:::amzn-s3-tfgdl",
            "bucket": "amzn-s3-tfgdl",
            "bucket_domain_name": "amzn-s3-tfgdl.s3.amazonaws.com",
            "bucket_namespace": "global",
            "bucket_prefix": "",
            "bucket_region": "eu-north-1",
            "bucket_regional_domain_name": "amzn-s3-tfgdl.s3.eu-north-1.amazonaws.com",
            "cors_rule": [],
            "force_destroy": false,
            "grant": [
              {
                "id": "e0eb9b8962bb9b3fb80493d1ad71eebf165c168cafa0a0c21d8ac0a7783ac53b",
                "permissions": [
                  "FULL_CONTROL"
                ],
                "type": "CanonicalUser",
                "uri": ""
              }
            ],
            "hosted_zone_id": "Z3BAZG2TWCNX0D",
            "id": "amzn-s3-tfgdl",
            "lifecycle_rule": [],
            "logging": [],
            "object_lock_configuration": [],
            "object_lock_enabled": false,
            "policy": "",
            "region": "eu-north-1",
            "replication_configuration": [],
            "request_payer": "BucketOwner",
            "server_side_encryption_configuration": [
              {
                "rule": [
                  {
                    "apply_server_side_encryption_by_default": [
                      {
                        "kms_master_key_id": "",
                        "sse_algorithm": "AES256"
                      }
                    ],
                    "bucket_key_enabled": true
                  }
                ]
              }
            ],
            "tags": {},
            "tags_all": {},
            "timeouts": null,
            "versioning": [
              {
                "enabled": false,
                "mfa_delete": false
              }
            ],
            "website": [],
            "website_domain": null,
            "website_endpoint": null
          },
          "sensitive_attributes": [],
          "identity_schema_version": 0,
          "identity": {
            "account_id": "544820269502",
            "bucket": "amzn-s3-tfgdl",
            "region": "eu-north-1"
          },
          "private": "eyJlMmJmYjczMC1lY2FhLTExZTYtOGY4OC0zNDM2M2JjN2M0YzAiOnsiY3JlYXRlIjoxMjAwMDAwMDAwMDAwLCJkZWxldGUiOjM2MDAwMDAwMDAwMDAsInJlYWQiOjEyMDAwMDAwMDAwMDAsInVwZGF0ZSI6MTIwMDAwMDAwMDAwMH0sInNjaGVtYV92ZXJzaW9uIjoiMCJ9"
        }
      ]
    }
  ],
  "check_results": null
}
